// !$*UTF8*$!
{
	archiveVersion = 1;
	classes = {
	};
	objectVersion = 50;
	objects = {

/* Begin PBXBuildFile section */
		A349133C2385720100C29117 /* ContentView.swift in Sources */ = {isa = PBXBuildFile; fileRef = A349133B2385720100C29117 /* ContentView.swift */; };
		A38B3490237EBCE5005DCA73 /* FourCornersWatch WatchKit App.app in Embed Watch Content */ = {isa = PBXBuildFile; fileRef = A38B348F237EBCE5005DCA73 /* FourCornersWatch WatchKit App.app */; settings = {ATTRIBUTES = (RemoveHeadersOnCopy, ); }; };
		A38B3496237EBCE5005DCA73 /* Interface.storyboard in Resources */ = {isa = PBXBuildFile; fileRef = A38B3494237EBCE5005DCA73 /* Interface.storyboard */; };
		A38B3498237EBCE6005DCA73 /* Assets.xcassets in Resources */ = {isa = PBXBuildFile; fileRef = A38B3497237EBCE6005DCA73 /* Assets.xcassets */; };
		A38B349F237EBCE6005DCA73 /* FourCornersWatch WatchKit Extension.appex in Embed App Extensions */ = {isa = PBXBuildFile; fileRef = A38B349E237EBCE6005DCA73 /* FourCornersWatch WatchKit Extension.appex */; settings = {ATTRIBUTES = (RemoveHeadersOnCopy, ); }; };
		A38B34A6237EBCE6005DCA73 /* HostingController.swift in Sources */ = {isa = PBXBuildFile; fileRef = A38B34A5237EBCE6005DCA73 /* HostingController.swift */; };
		A38B34A8237EBCE6005DCA73 /* ExtensionDelegate.swift in Sources */ = {isa = PBXBuildFile; fileRef = A38B34A7237EBCE6005DCA73 /* ExtensionDelegate.swift */; };
		A38B34AA237EBCE6005DCA73 /* Assets.xcassets in Resources */ = {isa = PBXBuildFile; fileRef = A38B34A9237EBCE6005DCA73 /* Assets.xcassets */; };
		A38B34AD237EBCE6005DCA73 /* Preview Assets.xcassets in Resources */ = {isa = PBXBuildFile; fileRef = A38B34AC237EBCE6005DCA73 /* Preview Assets.xcassets */; };
/* End PBXBuildFile section */

/* Begin PBXContainerItemProxy section */
		A38B3491237EBCE5005DCA73 /* PBXContainerItemProxy */ = {
			isa = PBXContainerItemProxy;
			containerPortal = A38B3485237EBCE5005DCA73 /* Project object */;
			proxyType = 1;
			remoteGlobalIDString = A38B348E237EBCE5005DCA73;
			remoteInfo = "FourCornersWatch WatchKit App";
		};
		A38B34A0237EBCE6005DCA73 /* PBXContainerItemProxy */ = {
			isa = PBXContainerItemProxy;
			containerPortal = A38B3485237EBCE5005DCA73 /* Project object */;
			proxyType = 1;
			remoteGlobalIDString = A38B349D237EBCE6005DCA73;
			remoteInfo = "FourCornersWatch WatchKit Extension";
		};
/* End PBXContainerItemProxy section */

/* Begin PBXCopyFilesBuildPhase section */
		A38B34B4237EBCE6005DCA73 /* Embed App Extensions */ = {
			isa = PBXCopyFilesBuildPhase;
			buildActionMask = 2147483647;
			dstPath = "";
			dstSubfolderSpec = 13;
			files = (
				A38B349F237EBCE6005DCA73 /* FourCornersWatch WatchKit Extension.appex in Embed App Extensions */,
			);
			name = "Embed App Extensions";
			runOnlyForDeploymentPostprocessing = 0;
		};
		A38B34B8237EBCE6005DCA73 /* Embed Watch Content */ = {
			isa = PBXCopyFilesBuildPhase;
			buildActionMask = 2147483647;
			dstPath = "$(CONTENTS_FOLDER_PATH)/Watch";
			dstSubfolderSpec = 16;
			files = (
				A38B3490237EBCE5005DCA73 /* FourCornersWatch WatchKit App.app in Embed Watch Content */,
			);
			name = "Embed Watch Content";
			runOnlyForDeploymentPostprocessing = 0;
		};
/* End PBXCopyFilesBuildPhase section */

/* Begin PBXFileReference section */
		A349133B2385720100C29117 /* ContentView.swift */ = {isa = PBXFileReference; fileEncoding = 4; lastKnownFileType = sourcecode.swift; path = ContentView.swift; sourceTree = "<group>"; };
		A38B348B237EBCE5005DCA73 /* FourCornersWatch.app */ = {isa = PBXFileReference; explicitFileType = wrapper.application; includeInIndex = 0; path = FourCornersWatch.app; sourceTree = BUILT_PRODUCTS_DIR; };
		A38B348F237EBCE5005DCA73 /* FourCornersWatch WatchKit App.app */ = {isa = PBXFileReference; explicitFileType = wrapper.application; includeInIndex = 0; path = "FourCornersWatch WatchKit App.app"; sourceTree = BUILT_PRODUCTS_DIR; };
		A38B3495237EBCE5005DCA73 /* Base */ = {isa = PBXFileReference; lastKnownFileType = file.storyboard; name = Base; path = Base.lproj/Interface.storyboard; sourceTree = "<group>"; };
		A38B3497237EBCE6005DCA73 /* Assets.xcassets */ = {isa = PBXFileReference; lastKnownFileType = folder.assetcatalog; path = Assets.xcassets; sourceTree = "<group>"; };
		A38B3499237EBCE6005DCA73 /* Info.plist */ = {isa = PBXFileReference; lastKnownFileType = text.plist.xml; path = Info.plist; sourceTree = "<group>"; };
		A38B349E237EBCE6005DCA73 /* FourCornersWatch WatchKit Extension.appex */ = {isa = PBXFileReference; explicitFileType = "wrapper.app-extension"; includeInIndex = 0; path = "FourCornersWatch WatchKit Extension.appex"; sourceTree = BUILT_PRODUCTS_DIR; };
		A38B34A5237EBCE6005DCA73 /* HostingController.swift */ = {isa = PBXFileReference; lastKnownFileType = sourcecode.swift; path = HostingController.swift; sourceTree = "<group>"; };
		A38B34A7237EBCE6005DCA73 /* ExtensionDelegate.swift */ = {isa = PBXFileReference; lastKnownFileType = sourcecode.swift; path = ExtensionDelegate.swift; sourceTree = "<group>"; };
		A38B34A9237EBCE6005DCA73 /* Assets.xcassets */ = {isa = PBXFileReference; lastKnownFileType = folder.assetcatalog; path = Assets.xcassets; sourceTree = "<group>"; };
		A38B34AC237EBCE6005DCA73 /* Preview Assets.xcassets */ = {isa = PBXFileReference; lastKnownFileType = folder.assetcatalog; path = "Preview Assets.xcassets"; sourceTree = "<group>"; };
		A38B34AE237EBCE6005DCA73 /* Info.plist */ = {isa = PBXFileReference; lastKnownFileType = text.plist.xml; path = Info.plist; sourceTree = "<group>"; };
/* End PBXFileReference section */

/* Begin PBXFrameworksBuildPhase section */
		A38B349B237EBCE6005DCA73 /* Frameworks */ = {
			isa = PBXFrameworksBuildPhase;
			buildActionMask = 2147483647;
			files = (
			);
			runOnlyForDeploymentPostprocessing = 0;
		};
/* End PBXFrameworksBuildPhase section */

/* Begin PBXGroup section */
		A38B3484237EBCE5005DCA73 = {
			isa = PBXGroup;
			children = (
				A38B3493237EBCE5005DCA73 /* FourCornersWatch WatchKit App */,
				A38B34A2237EBCE6005DCA73 /* FourCornersWatch WatchKit Extension */,
				A38B348C237EBCE5005DCA73 /* Products */,
			);
			sourceTree = "<group>";
		};
		A38B348C237EBCE5005DCA73 /* Products */ = {
			isa = PBXGroup;
			children = (
				A38B348B237EBCE5005DCA73 /* FourCornersWatch.app */,
				A38B348F237EBCE5005DCA73 /* FourCornersWatch WatchKit App.app */,
				A38B349E237EBCE6005DCA73 /* FourCornersWatch WatchKit Extension.appex */,
			);
			name = Products;
			sourceTree = "<group>";
		};
		A38B3493237EBCE5005DCA73 /* FourCornersWatch WatchKit App */ = {
			isa = PBXGroup;
			children = (
				A38B3494237EBCE5005DCA73 /* Interface.storyboard */,
				A38B3497237EBCE6005DCA73 /* Assets.xcassets */,
				A38B3499237EBCE6005DCA73 /* Info.plist */,
			);
			path = "FourCornersWatch WatchKit App";
			sourceTree = "<group>";
		};
		A38B34A2237EBCE6005DCA73 /* FourCornersWatch WatchKit Extension */ = {
			isa = PBXGroup;
			children = (
				A349133B2385720100C29117 /* ContentView.swift */,
				A38B34A5237EBCE6005DCA73 /* HostingController.swift */,
				A38B34A7237EBCE6005DCA73 /* ExtensionDelegate.swift */,
				A38B34A9237EBCE6005DCA73 /* Assets.xcassets */,
				A38B34AE237EBCE6005DCA73 /* Info.plist */,
				A38B34AB237EBCE6005DCA73 /* Preview Content */,
			);
			path = "FourCornersWatch WatchKit Extension";
			sourceTree = "<group>";
		};
		A38B34AB237EBCE6005DCA73 /* Preview Content */ = {
			isa = PBXGroup;
			children = (
				A38B34AC237EBCE6005DCA73 /* Preview Assets.xcassets */,
			);
			path = "Preview Content";
			sourceTree = "<group>";
		};
/* End PBXGroup section */

/* Begin PBXNativeTarget section */
		A38B348A237EBCE5005DCA73 /* FourCornersWatch */ = {
			isa = PBXNativeTarget;
			buildConfigurationList = A38B34B9237EBCE6005DCA73 /* Build configuration list for PBXNativeTarget "FourCornersWatch" */;
			buildPhases = (
				A38B3489237EBCE5005DCA73 /* Resources */,
				A38B34B8237EBCE6005DCA73 /* Embed Watch Content */,
			);
			buildRules = (
			);
			dependencies = (
				A38B3492237EBCE5005DCA73 /* PBXTargetDependency */,
			);
			name = FourCornersWatch;
			productName = FourCornersWatch;
			productReference = A38B348B237EBCE5005DCA73 /* FourCornersWatch.app */;
			productType = "com.apple.product-type.application.watchapp2-container";
		};
		A38B348E237EBCE5005DCA73 /* FourCornersWatch WatchKit App */ = {
			isa = PBXNativeTarget;
			buildConfigurationList = A38B34B5237EBCE6005DCA73 /* Build configuration list for PBXNativeTarget "FourCornersWatch WatchKit App" */;
			buildPhases = (
				A38B348D237EBCE5005DCA73 /* Resources */,
				A38B34B4237EBCE6005DCA73 /* Embed App Extensions */,
			);
			buildRules = (
			);
			dependencies = (
				A38B34A1237EBCE6005DCA73 /* PBXTargetDependency */,
			);
			name = "FourCornersWatch WatchKit App";
			productName = "FourCornersWatch WatchKit App";
			productReference = A38B348F237EBCE5005DCA73 /* FourCornersWatch WatchKit App.app */;
			productType = "com.apple.product-type.application.watchapp2";
		};
		A38B349D237EBCE6005DCA73 /* FourCornersWatch WatchKit Extension */ = {
			isa = PBXNativeTarget;
			buildConfigurationList = A38B34B1237EBCE6005DCA73 /* Build configuration list for PBXNativeTarget "FourCornersWatch WatchKit Extension" */;
			buildPhases = (
				A38B349A237EBCE6005DCA73 /* Sources */,
				A38B349B237EBCE6005DCA73 /* Frameworks */,
				A38B349C237EBCE6005DCA73 /* Resources */,
			);
			buildRules = (
			);
			dependencies = (
			);
			name = "FourCornersWatch WatchKit Extension";
			productName = "FourCornersWatch WatchKit Extension";
			productReference = A38B349E237EBCE6005DCA73 /* FourCornersWatch WatchKit Extension.appex */;
			productType = "com.apple.product-type.watchkit2-extension";
		};
/* End PBXNativeTarget section */

/* Begin PBXProject section */
		A38B3485237EBCE5005DCA73 /* Project object */ = {
			isa = PBXProject;
			attributes = {
				LastSwiftUpdateCheck = 1120;
				LastUpgradeCheck = 1120;
				ORGANIZATIONNAME = "Anaru Herbert";
				TargetAttributes = {
					A38B348A237EBCE5005DCA73 = {
						CreatedOnToolsVersion = 11.2.1;
					};
					A38B348E237EBCE5005DCA73 = {
						CreatedOnToolsVersion = 11.2.1;
					};
					A38B349D237EBCE6005DCA73 = {
						CreatedOnToolsVersion = 11.2.1;
					};
				};
			};
			buildConfigurationList = A38B3488237EBCE5005DCA73 /* Build configuration list for PBXProject "FourCornersWatch" */;
			compatibilityVersion = "Xcode 9.3";
			developmentRegion = en;
			hasScannedForEncodings = 0;
			knownRegions = (
				en,
				Base,
			);
			mainGroup = A38B3484237EBCE5005DCA73;
			productRefGroup = A38B348C237EBCE5005DCA73 /* Products */;
			projectDirPath = "";
			projectRoot = "";
			targets = (
				A38B348A237EBCE5005DCA73 /* FourCornersWatch */,
				A38B348E237EBCE5005DCA73 /* FourCornersWatch WatchKit App */,
				A38B349D237EBCE6005DCA73 /* FourCornersWatch WatchKit Extension */,
			);
		};
/* End PBXProject section */

/* Begin PBXResourcesBuildPhase section */
		A38B3489237EBCE5005DCA73 /* Resources */ = {
			isa = PBXResourcesBuildPhase;
			buildActionMask = 2147483647;
			files = (
			);
			runOnlyForDeploymentPostprocessing = 0;
		};
		A38B348D237EBCE5005DCA73 /* Resources */ = {
			isa = PBXResourcesBuildPhase;
			buildActionMask = 2147483647;
			files = (
				A38B3498237EBCE6005DCA73 /* Assets.xcassets in Resources */,
				A38B3496237EBCE5005DCA73 /* Interface.storyboard in Resources */,
			);
			runOnlyForDeploymentPostprocessing = 0;
		};
		A38B349C237EBCE6005DCA73 /* Resources */ = {
			isa = PBXResourcesBuildPhase;
			buildActionMask = 2147483647;
			files = (
				A38B34AD237EBCE6005DCA73 /* Preview Assets.xcassets in Resources */,
				A38B34AA237EBCE6005DCA73 /* Assets.xcassets in Resources */,
			);
			runOnlyForDeploymentPostprocessing = 0;
		};
/* End PBXResourcesBuildPhase section */

/* Begin PBXSourcesBuildPhase section */
		A38B349A237EBCE6005DCA73 /* Sources */ = {
			isa = PBXSourcesBuildPhase;
			buildActionMask = 2147483647;
			files = (
				A38B34A6237EBCE6005DCA73 /* HostingController.swift in Sources */,
				A349133C2385720100C29117 /* ContentView.swift in Sources */,
				A38B34A8237EBCE6005DCA73 /* ExtensionDelegate.swift in Sources */,
			);
			runOnlyForDeploymentPostprocessing = 0;
		};
/* End PBXSourcesBuildPhase section */

/* Begin PBXTargetDependency section */
		A38B3492237EBCE5005DCA73 /* PBXTargetDependency */ = {
			isa = PBXTargetDependency;
			target = A38B348E237EBCE5005DCA73 /* FourCornersWatch WatchKit App */;
			targetProxy = A38B3491237EBCE5005DCA73 /* PBXContainerItemProxy */;
		};
		A38B34A1237EBCE6005DCA73 /* PBXTargetDependency */ = {
			isa = PBXTargetDependency;
			target = A38B349D237EBCE6005DCA73 /* FourCornersWatch WatchKit Extension */;
			targetProxy = A38B34A0237EBCE6005DCA73 /* PBXContainerItemProxy */;
		};
/* End PBXTargetDependency section */

/* Begin PBXVariantGroup section */
		A38B3494237EBCE5005DCA73 /* Interface.storyboard */ = {
			isa = PBXVariantGroup;
			children = (
				A38B3495237EBCE5005DCA73 /* Base */,
			);
			name = Interface.storyboard;
			sourceTree = "<group>";
		};
/* End PBXVariantGroup section */

/* Begin XCBuildConfiguration section */
		A38B34AF237EBCE6005DCA73 /* Debug */ = {
			isa = XCBuildConfiguration;
			buildSettings = {
				ALWAYS_SEARCH_USER_PATHS = NO;
				CLANG_ANALYZER_NONNULL = YES;
				CLANG_ANALYZER_NUMBER_OBJECT_CONVERSION = YES_AGGRESSIVE;
				CLANG_CXX_LANGUAGE_STANDARD = "gnu++14";
				CLANG_CXX_LIBRARY = "libc++";
				CLANG_ENABLE_MODULES = YES;
				CLANG_ENABLE_OBJC_ARC = YES;
				CLANG_ENABLE_OBJC_WEAK = YES;
				CLANG_WARN_BLOCK_CAPTURE_AUTORELEASING = YES;
				CLANG_WARN_BOOL_CONVERSION = YES;
				CLANG_WARN_COMMA = YES;
				CLANG_WARN_CONSTANT_CONVERSION = YES;
				CLANG_WARN_DEPRECATED_OBJC_IMPLEMENTATIONS = YES;
				CLANG_WARN_DIRECT_OBJC_ISA_USAGE = YES_ERROR;
				CLANG_WARN_DOCUMENTATION_COMMENTS = YES;
				CLANG_WARN_EMPTY_BODY = YES;
				CLANG_WARN_ENUM_CONVERSION = YES;
				CLANG_WARN_INFINITE_RECURSION = YES;
				CLANG_WARN_INT_CONVERSION = YES;
				CLANG_WARN_NON_LITERAL_NULL_CONVERSION = YES;
				CLANG_WARN_OBJC_IMPLICIT_RETAIN_SELF = YES;
				CLANG_WARN_OBJC_LITERAL_CONVERSION = YES;
				CLANG_WARN_OBJC_ROOT_CLASS = YES_ERROR;
				CLANG_WARN_RANGE_LOOP_ANALYSIS = YES;
				CLANG_WARN_STRICT_PROTOTYPES = YES;
				CLANG_WARN_SUSPICIOUS_MOVE = YES;
				CLANG_WARN_UNGUARDED_AVAILABILITY = YES_AGGRESSIVE;
				CLANG_WARN_UNREACHABLE_CODE = YES;
				CLANG_WARN__DUPLICATE_METHOD_MATCH = YES;
				COPY_PHASE_STRIP = NO;
				DEBUG_INFORMATION_FORMAT = dwarf;
				ENABLE_STRICT_OBJC_MSGSEND = YES;
				ENABLE_TESTABILITY = YES;
				GCC_C_LANGUAGE_STANDARD = gnu11;
				GCC_DYNAMIC_NO_PIC = NO;
				GCC_NO_COMMON_BLOCKS = YES;
				GCC_OPTIMIZATION_LEVEL = 0;
				GCC_PREPROCESSOR_DEFINITIONS = (
					"DEBUG=1",
					"$(inherited)",
				);
				GCC_WARN_64_TO_32_BIT_CONVERSION = YES;
				GCC_WARN_ABOUT_RETURN_TYPE = YES_ERROR;
				GCC_WARN_UNDECLARED_SELECTOR = YES;
				GCC_WARN_UNINITIALIZED_AUTOS = YES_AGGRESSIVE;
				GCC_WARN_UNUSED_FUNCTION = YES;
				GCC_WARN_UNUSED_VARIABLE = YES;
				MTL_ENABLE_DEBUG_INFO = INCLUDE_SOURCE;
				MTL_FAST_MATH = YES;
				ONLY_ACTIVE_ARCH = YES;
				SDKROOT = iphoneos;
				SWIFT_ACTIVE_COMPILATION_CONDITIONS = DEBUG;
				SWIFT_OPTIMIZATION_LEVEL = "-Onone";
			};
			name = Debug;
		};
		A38B34B0237EBCE6005DCA73 /* Release */ = {
			isa = XCBuildConfiguration;
			buildSettings = {
				ALWAYS_SEARCH_USER_PATHS = NO;
				CLANG_ANALYZER_NONNULL = YES;
				CLANG_ANALYZER_NUMBER_OBJECT_CONVERSION = YES_AGGRESSIVE;
				CLANG_CXX_LANGUAGE_STANDARD = "gnu++14";
				CLANG_CXX_LIBRARY = "libc++";
				CLANG_ENABLE_MODULES = YES;
				CLANG_ENABLE_OBJC_ARC = YES;
				CLANG_ENABLE_OBJC_WEAK = YES;
				CLANG_WARN_BLOCK_CAPTURE_AUTORELEASING = YES;
				CLANG_WARN_BOOL_CONVERSION = YES;
				CLANG_WARN_COMMA = YES;
				CLANG_WARN_CONSTANT_CONVERSION = YES;
				CLANG_WARN_DEPRECATED_OBJC_IMPLEMENTATIONS = YES;
				CLANG_WARN_DIRECT_OBJC_ISA_USAGE = YES_ERROR;
				CLANG_WARN_DOCUMENTATION_COMMENTS = YES;
				CLANG_WARN_EMPTY_BODY = YES;
				CLANG_WARN_ENUM_CONVERSION = YES;
				CLANG_WARN_INFINITE_RECURSION = YES;
				CLANG_WARN_INT_CONVERSION = YES;
				CLANG_WARN_NON_LITERAL_NULL_CONVERSION = YES;
				CLANG_WARN_OBJC_IMPLICIT_RETAIN_SELF = YES;
				CLANG_WARN_OBJC_LITERAL_CONVERSION = YES;
				CLANG_WARN_OBJC_ROOT_CLASS = YES_ERROR;
				CLANG_WARN_RANGE_LOOP_ANALYSIS = YES;
				CLANG_WARN_STRICT_PROTOTYPES = YES;
				CLANG_WARN_SUSPICIOUS_MOVE = YES;
				CLANG_WARN_UNGUARDED_AVAILABILITY = YES_AGGRESSIVE;
				CLANG_WARN_UNREACHABLE_CODE = YES;
				CLANG_WARN__DUPLICATE_METHOD_MATCH = YES;
				COPY_PHASE_STRIP = NO;
				DEBUG_INFORMATION_FORMAT = "dwarf-with-dsym";
				ENABLE_NS_ASSERTIONS = NO;
				ENABLE_STRICT_OBJC_MSGSEND = YES;
				GCC_C_LANGUAGE_STANDARD = gnu11;
				GCC_NO_COMMON_BLOCKS = YES;
				GCC_WARN_64_TO_32_BIT_CONVERSION = YES;
				GCC_WARN_ABOUT_RETURN_TYPE = YES_ERROR;
				GCC_WARN_UNDECLARED_SELECTOR = YES;
				GCC_WARN_UNINITIALIZED_AUTOS = YES_AGGRESSIVE;
				GCC_WARN_UNUSED_FUNCTION = YES;
				GCC_WARN_UNUSED_VARIABLE = YES;
				MTL_ENABLE_DEBUG_INFO = NO;
				MTL_FAST_MATH = YES;
				SDKROOT = iphoneos;
				SWIFT_COMPILATION_MODE = wholemodule;
				SWIFT_OPTIMIZATION_LEVEL = "-O";
				VALIDATE_PRODUCT = YES;
			};
			name = Release;
		};
		A38B34B2237EBCE6005DCA73 /* Debug */ = {
			isa = XCBuildConfiguration;
			buildSettings = {
				ASSETCATALOG_COMPILER_COMPLICATION_NAME = Complication;
				CODE_SIGN_STYLE = Automatic;
				DEVELOPMENT_ASSET_PATHS = "\"FourCornersWatch WatchKit Extension/Preview Content\"";
				DEVELOPMENT_TEAM = 2KG9NR622V;
				ENABLE_PREVIEWS = YES;
				INFOPLIST_FILE = "FourCornersWatch WatchKit Extension/Info.plist";
				LD_RUNPATH_SEARCH_PATHS = (
					"$(inherited)",
					"@executable_path/Frameworks",
					"@executable_path/../../Frameworks",
				);
				PRODUCT_BUNDLE_IDENTIFIER = com.AnaruHerbert.FourCornersWatch.watchkitapp.watchkitextension;
				PRODUCT_NAME = "${TARGET_NAME}";
				SDKROOT = watchos;
				SKIP_INSTALL = YES;
				SWIFT_VERSION = 5.0;
				TARGETED_DEVICE_FAMILY = 4;
				WATCHOS_DEPLOYMENT_TARGET = 6.1;
			};
			name = Debug;
		};
		A38B34B3237EBCE6005DCA73 /* Release */ = {
			isa = XCBuildConfiguration;
			buildSettings = {
				ASSETCATALOG_COMPILER_COMPLICATION_NAME = Complication;
				CODE_SIGN_STYLE = Automatic;
				DEVELOPMENT_ASSET_PATHS = "\"FourCornersWatch WatchKit Extension/Preview Content\"";
				DEVELOPMENT_TEAM = 2KG9NR622V;
				ENABLE_PREVIEWS = YES;
				INFOPLIST_FILE = "FourCornersWatch WatchKit Extension/Info.plist";
				LD_RUNPATH_SEARCH_PATHS = (
					"$(inherited)",
					"@executable_path/Frameworks",
					"@executable_path/../../Frameworks",
				);
				PRODUCT_BUNDLE_IDENTIFIER = com.AnaruHerbert.FourCornersWatch.watchkitapp.watchkitextension;
				PRODUCT_NAME = "${TARGET_NAME}";
				SDKROOT = watchos;
				SKIP_INSTALL = YES;
				SWIFT_VERSION = 5.0;
				TARGETED_DEVICE_FAMILY = 4;
				WATCHOS_DEPLOYMENT_TARGET = 6.1;
			};
			name = Release;
		};
		A38B34B6237EBCE6005DCA73 /* Debug */ = {
			isa = XCBuildConfiguration;
			buildSettings = {
				ALWAYS_EMBED_SWIFT_STANDARD_LIBRARIES = YES;
				ASSETCATALOG_COMPILER_APPICON_NAME = AppIcon;
				CODE_SIGN_STYLE = Automatic;
				DEVELOPMENT_TEAM = 2KG9NR622V;
				IBSC_MODULE = FourCornersWatch_WatchKit_Extension;
				INFOPLIST_FILE = "FourCornersWatch WatchKit App/Info.plist";
				PRODUCT_BUNDLE_IDENTIFIER = com.AnaruHerbert.FourCornersWatch.watchkitapp;
				PRODUCT_NAME = "$(TARGET_NAME)";
				SDKROOT = watchos;
				SKIP_INSTALL = YES;
				SWIFT_VERSION = 5.0;
				TARGETED_DEVICE_FAMILY = 4;
				WATCHOS_DEPLOYMENT_TARGET = 6.1;
			};
			name = Debug;
		};
		A38B34B7237EBCE6005DCA73 /* Release */ = {
			isa = XCBuildConfiguration;
			buildSettings = {
				ALWAYS_EMBED_SWIFT_STANDARD_LIBRARIES = YES;
				ASSETCATALOG_COMPILER_APPICON_NAME = AppIcon;
				CODE_SIGN_STYLE = Automatic;
				DEVELOPMENT_TEAM = 2KG9NR622V;
				IBSC_MODULE = FourCornersWatch_WatchKit_Extension;
				INFOPLIST_FILE = "FourCornersWatch WatchKit App/Info.plist";
				PRODUCT_BUNDLE_IDENTIFIER = com.AnaruHerbert.FourCornersWatch.watchkitapp;
				PRODUCT_NAME = "$(TARGET_NAME)";
				SDKROOT = watchos;
				SKIP_INSTALL = YES;
				SWIFT_VERSION = 5.0;
				TARGETED_DEVICE_FAMILY = 4;
				WATCHOS_DEPLOYMENT_TARGET = 6.1;
			};
			name = Release;
		};
		A38B34BA237EBCE6005DCA73 /* Debug */ = {
			isa = XCBuildConfiguration;
			buildSettings = {
				CODE_SIGN_STYLE = Automatic;
				CURRENT_PROJECT_VERSION = 1;
				DEVELOPMENT_TEAM = 2KG9NR622V;
				MARKETING_VERSION = 1.0;
				PRODUCT_BUNDLE_IDENTIFIER = com.AnaruHerbert.FourCornersWatch;
				PRODUCT_NAME = "$(TARGET_NAME)";
				SWIFT_VERSION = 5.0;
			};
			name = Debug;
		};
		A38B34BB237EBCE6005DCA73 /* Release */ = {
			isa = XCBuildConfiguration;
			buildSettings = {
				CODE_SIGN_STYLE = Automatic;
				CURRENT_PROJECT_VERSION = 1;
				DEVELOPMENT_TEAM = 2KG9NR622V;
				MARKETING_VERSION = 1.0;
				PRODUCT_BUNDLE_IDENTIFIER = com.AnaruHerbert.FourCornersWatch;
				PRODUCT_NAME = "$(TARGET_NAME)";
				SWIFT_VERSION = 5.0;
			};
			name = Release;
		};
/* End XCBuildConfiguration section */

/* Begin XCConfigurationList section */
		A38B3488237EBCE5005DCA73 /* Build configuration list for PBXProject "FourCornersWatch" */ = {
			isa = XCConfigurationList;
			buildConfigurations = (
				A38B34AF237EBCE6005DCA73 /* Debug */,
				A38B34B0237EBCE6005DCA73 /* Release */,
			);
			defaultConfigurationIsVisible = 0;
			defaultConfigurationName = Release;
		};
		A38B34B1237EBCE6005DCA73 /* Build configuration list for PBXNativeTarget "FourCornersWatch WatchKit Extension" */ = {
			isa = XCConfigurationList;
			buildConfigurations = (
				A38B34B2237EBCE6005DCA73 /* Debug */,
				A38B34B3237EBCE6005DCA73 /* Release */,
			);
			defaultConfigurationIsVisible = 0;
			defaultConfigurationName = Release;
		};
		A38B34B5237EBCE6005DCA73 /* Build configuration list for PBXNativeTarget "FourCornersWatch WatchKit App" */ = {
			isa = XCConfigurationList;
			buildConfigurations = (
				A38B34B6237EBCE6005DCA73 /* Debug */,
				A38B34B7237EBCE6005DCA73 /* Release */,
			);
			defaultConfigurationIsVisible = 0;
			defaultConfigurationName = Release;
		};
		A38B34B9237EBCE6005DCA73 /* Build configuration list for PBXNativeTarget "FourCornersWatch" */ = {
			isa = XCConfigurationList;
			buildConfigurations = (
				A38B34BA237EBCE6005DCA73 /* Debug */,
				A38B34BB237EBCE6005DCA73 /* Release */,
			);
			defaultConfigurationIsVisible = 0;
			defaultConfigurationName = Release;
		};
/* End XCConfigurationList section */
	};
	rootObject = A38B3485237EBCE5005DCA73 /* Project object */;
}
